
Microsoft Visual Studio Solution File, Format Version 12.00
# Visual Studio Version 16
VisualStudioVersion = 16.0.31112.23
MinimumVisualStudioVersion = 10.0.40219.1
Project("{9A19103F-16F7-4668-BE54-9A1E7A4F7556}") = "Dio.Bank", "Dio.Bank.csproj", "{ADCAD3D6-ECB6-4C60-BA50-DFE9574957D1}"
EndProject
Global
	GlobalSection(SolutionConfigurationPlatforms) = preSolution
		Debug|Any CPU = Debug|Any CPU
		Release|Any CPU = Release|Any CPU
	EndGlobalSection
	GlobalSection(ProjectConfigurationPlatforms) = postSolution
		{ADCAD3D6-ECB6-4C60-BA50-DFE9574957D1}.Debug|Any CPU.ActiveCfg = Debug|Any CPU
		{ADCAD3D6-ECB6-4C60-BA50-DFE9574957D1}.Debug|Any CPU.Build.0 = Debug|Any CPU
		{ADCAD3D6-ECB6-4C60-BA50-DFE9574957D1}.Release|Any CPU.ActiveCfg = Release|Any CPU
		{ADCAD3D6-ECB6-4C60-BA50-DFE9574957D1}.Release|Any CPU.Build.0 = Release|Any CPU
	EndGlobalSection
	GlobalSection(SolutionProperties) = preSolution
		HideSolutionNode = FALSE
	EndGlobalSection
	GlobalSection(ExtensibilityGlobals) = postSolution
		SolutionGuid = {F259AC3B-421B-492A-8D80-BD1D169B7115}
	EndGlobalSection
EndGlobal
